
Microsoft Visual Studio Solution File, Format Version 12.00
# Visual Studio Version 17
VisualStudioVersion = 17.5.002.0
MinimumVisualStudioVersion = 10.0.40219.1
Project("{9A19103F-16F7-4668-BE54-9A1E7A4F7556}") = "ExemploSintaxeBasica", "ExemploSintaxeBasica\ExemploSintaxeBasica.csproj", "{C29CDB03-FC86-4B3A-9723-98A4033BCB2B}"
EndProject
Global
	GlobalSection(SolutionConfigurationPlatforms) = preSolution
		Debug|Any CPU = Debug|Any CPU
		Release|Any CPU = Release|Any CPU
	EndGlobalSection
	GlobalSection(ProjectConfigurationPlatforms) = postSolution
		{C29CDB03-FC86-4B3A-9723-98A4033BCB2B}.Debug|Any CPU.ActiveCfg = Debug|Any CPU
		{C29CDB03-FC86-4B3A-9723-98A4033BCB2B}.Debug|Any CPU.Build.0 = Debug|Any CPU
		{C29CDB03-FC86-4B3A-9723-98A4033BCB2B}.Release|Any CPU.ActiveCfg = Release|Any CPU
		{C29CDB03-FC86-4B3A-9723-98A4033BCB2B}.Release|Any CPU.Build.0 = Release|Any CPU
	EndGlobalSection
	GlobalSection(SolutionProperties) = preSolution
		HideSolutionNode = FALSE
	EndGlobalSection
	GlobalSection(ExtensibilityGlobals) = postSolution
		SolutionGuid = {EC54D889-D7B6-4628-AA63-B08EA3353761}
	EndGlobalSection
EndGlobal
